// !$*UTF8*$!
{
	archiveVersion = 1;
	classes = {
	};
	objectVersion = 46;
	objects = {

/* Begin PBXFileReference section */
		5A78995B1919EB78003BC31B /* TestGit.cpp */ = {isa = PBXFileReference; lastKnownFileType = sourcecode.cpp.cpp; path = TestGit.cpp; sourceTree = "<group>"; };
		5A78995C1919EB78003BC31B /* TestGit.h */ = {isa = PBXFileReference; lastKnownFileType = sourcecode.c.h; path = TestGit.h; sourceTree = "<group>"; };
/* End PBXFileReference section */

/* Begin PBXGroup section */
		5A7899541919EB65003BC31B = {
			isa = PBXGroup;
			children = (
				5A78995B1919EB78003BC31B /* TestGit.cpp */,
				5A78995C1919EB78003BC31B /* TestGit.h */,
			);
			sourceTree = "<group>";
		};
/* End PBXGroup section */

/* Begin PBXProject section */
		5A7899551919EB65003BC31B /* Project object */ = {
			isa = PBXProject;
			attributes = {
				LastUpgradeCheck = 0510;
			};
			buildConfigurationList = 5A7899581919EB65003BC31B /* Build configuration list for PBXProject "TestGit" */;
			compatibilityVersion = "Xcode 3.2";
			developmentRegion = English;
			hasScannedForEncodings = 0;
			knownRegions = (
				en,
			);
			mainGroup = 5A7899541919EB65003BC31B;
			projectDirPath = "";
			projectRoot = "";
			targets = (
			);
		};
/* End PBXProject section */

/* Begin XCBuildConfiguration section */
		5A7899591919EB65003BC31B /* Debug */ = {
			isa = XCBuildConfiguration;
			buildSettings = {
			};
			name = Debug;
		};
		5A78995A1919EB65003BC31B /* Release */ = {
			isa = XCBuildConfiguration;
			buildSettings = {
			};
			name = Release;
		};
/* End XCBuildConfiguration section */

/* Begin XCConfigurationList section */
		5A7899581919EB65003BC31B /* Build configuration list for PBXProject "TestGit" */ = {
			isa = XCConfigurationList;
			buildConfigurations = (
				5A7899591919EB65003BC31B /* Debug */,
				5A78995A1919EB65003BC31B /* Release */,
			);
			defaultConfigurationIsVisible = 0;
			defaultConfigurationName = Release;
		};
/* End XCConfigurationList section */
	};
	rootObject = 5A7899551919EB65003BC31B /* Project object */;
}
